
Microsoft Visual Studio Solution File, Format Version 12.00
# Visual Studio 14
VisualStudioVersion = 14.0.25420.1
MinimumVisualStudioVersion = 10.0.40219.1
Project("{FAE04EC0-301F-11D3-BF4B-00C04F79EFBC}") = "DAL", "DAL\DAL.csproj", "{D1BB23A5-E1DD-4B02-9A95-38B277D6B70C}"
EndProject
Project("{FAE04EC0-301F-11D3-BF4B-00C04F79EFBC}") = "BLL", "BLL\BLL.csproj", "{BDC0AE89-7325-4F41-8B58-F2784E38201E}"
EndProject
Global
	GlobalSection(SolutionConfigurationPlatforms) = preSolution
		Debug|Any CPU = Debug|Any CPU
		Release|Any CPU = Release|Any CPU
	EndGlobalSection
	GlobalSection(ProjectConfigurationPlatforms) = postSolution
		{D1BB23A5-E1DD-4B02-9A95-38B277D6B70C}.Debug|Any CPU.ActiveCfg = Debug|Any CPU
		{D1BB23A5-E1DD-4B02-9A95-38B277D6B70C}.Debug|Any CPU.Build.0 = Debug|Any CPU
		{D1BB23A5-E1DD-4B02-9A95-38B277D6B70C}.Release|Any CPU.ActiveCfg = Release|Any CPU
		{D1BB23A5-E1DD-4B02-9A95-38B277D6B70C}.Release|Any CPU.Build.0 = Release|Any CPU
		{BDC0AE89-7325-4F41-8B58-F2784E38201E}.Debug|Any CPU.ActiveCfg = Debug|Any CPU
		{BDC0AE89-7325-4F41-8B58-F2784E38201E}.Debug|Any CPU.Build.0 = Debug|Any CPU
		{BDC0AE89-7325-4F41-8B58-F2784E38201E}.Release|Any CPU.ActiveCfg = Release|Any CPU
		{BDC0AE89-7325-4F41-8B58-F2784E38201E}.Release|Any CPU.Build.0 = Release|Any CPU
	EndGlobalSection
	GlobalSection(SolutionProperties) = preSolution
		HideSolutionNode = FALSE
	EndGlobalSection
EndGlobal
